
Microsoft Visual Studio Solution File, Format Version 12.00
# Visual Studio Version 17
VisualStudioVersion = 17.4.33122.133
MinimumVisualStudioVersion = 10.0.40219.1
Project("{FAE04EC0-301F-11D3-BF4B-00C04F79EFBC}") = "io.quind.banco.app", "io.quind.banco.app\io.quind.banco.app.csproj", "{19CE91BB-7462-42F7-ADD2-B91EF0F060BB}"
EndProject
Project("{FAE04EC0-301F-11D3-BF4B-00C04F79EFBC}") = "io.quind.banco.dominio", "io.quind.banco.dominio\io.quind.banco.dominio.csproj", "{4DE47F39-315D-4D99-A0A0-5CF025D3695A}"
EndProject
Project("{FAE04EC0-301F-11D3-BF4B-00C04F79EFBC}") = "io.quind.banco.data", "io.quind.banco.data\io.quind.banco.data.csproj", "{B671D892-37EF-4E6B-B31D-05A1D111F5CC}"
EndProject
Project("{FAE04EC0-301F-11D3-BF4B-00C04F79EFBC}") = "io.quind.banco.entidad", "io.quind.banco.entidad\io.quind.banco.entidad.csproj", "{AD26190C-924C-46F4-9171-0CF8523D2549}"
EndProject
Project("{FAE04EC0-301F-11D3-BF4B-00C04F79EFBC}") = "io.quind.banco.dto", "io.quind.banco.dto\io.quind.banco.dto.csproj", "{A9BAB2DB-C593-4D29-9428-10A6FF64E5B9}"
EndProject
Global
	GlobalSection(SolutionConfigurationPlatforms) = preSolution
		Debug|Any CPU = Debug|Any CPU
		Release|Any CPU = Release|Any CPU
	EndGlobalSection
	GlobalSection(ProjectConfigurationPlatforms) = postSolution
		{19CE91BB-7462-42F7-ADD2-B91EF0F060BB}.Debug|Any CPU.ActiveCfg = Debug|Any CPU
		{19CE91BB-7462-42F7-ADD2-B91EF0F060BB}.Debug|Any CPU.Build.0 = Debug|Any CPU
		{19CE91BB-7462-42F7-ADD2-B91EF0F060BB}.Release|Any CPU.ActiveCfg = Release|Any CPU
		{19CE91BB-7462-42F7-ADD2-B91EF0F060BB}.Release|Any CPU.Build.0 = Release|Any CPU
		{4DE47F39-315D-4D99-A0A0-5CF025D3695A}.Debug|Any CPU.ActiveCfg = Debug|Any CPU
		{4DE47F39-315D-4D99-A0A0-5CF025D3695A}.Debug|Any CPU.Build.0 = Debug|Any CPU
		{4DE47F39-315D-4D99-A0A0-5CF025D3695A}.Release|Any CPU.ActiveCfg = Release|Any CPU
		{4DE47F39-315D-4D99-A0A0-5CF025D3695A}.Release|Any CPU.Build.0 = Release|Any CPU
		{B671D892-37EF-4E6B-B31D-05A1D111F5CC}.Debug|Any CPU.ActiveCfg = Debug|Any CPU
		{B671D892-37EF-4E6B-B31D-05A1D111F5CC}.Debug|Any CPU.Build.0 = Debug|Any CPU
		{B671D892-37EF-4E6B-B31D-05A1D111F5CC}.Release|Any CPU.ActiveCfg = Release|Any CPU
		{B671D892-37EF-4E6B-B31D-05A1D111F5CC}.Release|Any CPU.Build.0 = Release|Any CPU
		{AD26190C-924C-46F4-9171-0CF8523D2549}.Debug|Any CPU.ActiveCfg = Debug|Any CPU
		{AD26190C-924C-46F4-9171-0CF8523D2549}.Debug|Any CPU.Build.0 = Debug|Any CPU
		{AD26190C-924C-46F4-9171-0CF8523D2549}.Release|Any CPU.ActiveCfg = Release|Any CPU
		{AD26190C-924C-46F4-9171-0CF8523D2549}.Release|Any CPU.Build.0 = Release|Any CPU
		{A9BAB2DB-C593-4D29-9428-10A6FF64E5B9}.Debug|Any CPU.ActiveCfg = Debug|Any CPU
		{A9BAB2DB-C593-4D29-9428-10A6FF64E5B9}.Debug|Any CPU.Build.0 = Debug|Any CPU
		{A9BAB2DB-C593-4D29-9428-10A6FF64E5B9}.Release|Any CPU.ActiveCfg = Release|Any CPU
		{A9BAB2DB-C593-4D29-9428-10A6FF64E5B9}.Release|Any CPU.Build.0 = Release|Any CPU
	EndGlobalSection
	GlobalSection(SolutionProperties) = preSolution
		HideSolutionNode = FALSE
	EndGlobalSection
	GlobalSection(ExtensibilityGlobals) = postSolution
		SolutionGuid = {8F67D1E7-D2D1-405D-899B-48C66652169F}
	EndGlobalSection
EndGlobal
